
Microsoft Visual Studio Solution File, Format Version 12.00
# Visual Studio Version 17
VisualStudioVersion = 17.2.32630.192
MinimumVisualStudioVersion = 10.0.40219.1
Project("{FAE04EC0-301F-11D3-BF4B-00C04F79EFBC}") = "Todo", "Todo.csproj", "{C5E9F433-48EE-4BC1-BA4D-4BA0BE8FDC87}"
EndProject
Global
	GlobalSection(SolutionConfigurationPlatforms) = preSolution
		Debug|Any CPU = Debug|Any CPU
		Release|Any CPU = Release|Any CPU
	EndGlobalSection
	GlobalSection(ProjectConfigurationPlatforms) = postSolution
		{C5E9F433-48EE-4BC1-BA4D-4BA0BE8FDC87}.Debug|Any CPU.ActiveCfg = Debug|Any CPU
		{C5E9F433-48EE-4BC1-BA4D-4BA0BE8FDC87}.Debug|Any CPU.Build.0 = Debug|Any CPU
		{C5E9F433-48EE-4BC1-BA4D-4BA0BE8FDC87}.Release|Any CPU.ActiveCfg = Release|Any CPU
		{C5E9F433-48EE-4BC1-BA4D-4BA0BE8FDC87}.Release|Any CPU.Build.0 = Release|Any CPU
	EndGlobalSection
	GlobalSection(SolutionProperties) = preSolution
		HideSolutionNode = FALSE
	EndGlobalSection
	GlobalSection(ExtensibilityGlobals) = postSolution
		SolutionGuid = {C021214C-1050-4D53-9FBF-B937FA9AF109}
	EndGlobalSection
EndGlobal
